
Microsoft Visual Studio Solution File, Format Version 12.00
# Visual Studio Version 16
VisualStudioVersion = 16.0.33214.272
MinimumVisualStudioVersion = 10.0.40219.1
Project("{FAE04EC0-301F-11D3-BF4B-00C04F79EFBC}") = "Date", "Date\Date.csproj", "{3772A333-5175-4D65-B944-3D84B641680D}"
EndProject
Global
	GlobalSection(SolutionConfigurationPlatforms) = preSolution
		Debug|Any CPU = Debug|Any CPU
		Release|Any CPU = Release|Any CPU
	EndGlobalSection
	GlobalSection(ProjectConfigurationPlatforms) = postSolution
		{3772A333-5175-4D65-B944-3D84B641680D}.Debug|Any CPU.ActiveCfg = Debug|Any CPU
		{3772A333-5175-4D65-B944-3D84B641680D}.Debug|Any CPU.Build.0 = Debug|Any CPU
		{3772A333-5175-4D65-B944-3D84B641680D}.Release|Any CPU.ActiveCfg = Release|Any CPU
		{3772A333-5175-4D65-B944-3D84B641680D}.Release|Any CPU.Build.0 = Release|Any CPU
	EndGlobalSection
	GlobalSection(SolutionProperties) = preSolution
		HideSolutionNode = FALSE
	EndGlobalSection
	GlobalSection(ExtensibilityGlobals) = postSolution
		SolutionGuid = {41D40438-113B-42F8-8E64-79577349D5D3}
	EndGlobalSection
EndGlobal
